
Microsoft Visual Studio Solution File, Format Version 12.00
# Visual Studio 15
VisualStudioVersion = 15.0.26124.0
MinimumVisualStudioVersion = 15.0.26124.0
Project("{FAE04EC0-301F-11D3-BF4B-00C04F79EFBC}") = "Aleatory.Tests", "Aleatory.Tests\Aleatory.Tests.csproj", "{805C9C08-7F94-4397-A2B4-5F7A8A773E79}"
EndProject
Project("{FAE04EC0-301F-11D3-BF4B-00C04F79EFBC}") = "Aleatory.Library", "Aleatory.Library\Aleatory.Library.csproj", "{B2DE81F2-17DC-4093-B12F-D0570B3C6C05}"
EndProject
Global
	GlobalSection(SolutionConfigurationPlatforms) = preSolution
		Debug|Any CPU = Debug|Any CPU
		Debug|x64 = Debug|x64
		Debug|x86 = Debug|x86
		Release|Any CPU = Release|Any CPU
		Release|x64 = Release|x64
		Release|x86 = Release|x86
	EndGlobalSection
	GlobalSection(SolutionProperties) = preSolution
		HideSolutionNode = FALSE
	EndGlobalSection
	GlobalSection(ProjectConfigurationPlatforms) = postSolution
		{805C9C08-7F94-4397-A2B4-5F7A8A773E79}.Debug|Any CPU.ActiveCfg = Debug|Any CPU
		{805C9C08-7F94-4397-A2B4-5F7A8A773E79}.Debug|Any CPU.Build.0 = Debug|Any CPU
		{805C9C08-7F94-4397-A2B4-5F7A8A773E79}.Debug|x64.ActiveCfg = Debug|Any CPU
		{805C9C08-7F94-4397-A2B4-5F7A8A773E79}.Debug|x64.Build.0 = Debug|Any CPU
		{805C9C08-7F94-4397-A2B4-5F7A8A773E79}.Debug|x86.ActiveCfg = Debug|Any CPU
		{805C9C08-7F94-4397-A2B4-5F7A8A773E79}.Debug|x86.Build.0 = Debug|Any CPU
		{805C9C08-7F94-4397-A2B4-5F7A8A773E79}.Release|Any CPU.ActiveCfg = Release|Any CPU
		{805C9C08-7F94-4397-A2B4-5F7A8A773E79}.Release|Any CPU.Build.0 = Release|Any CPU
		{805C9C08-7F94-4397-A2B4-5F7A8A773E79}.Release|x64.ActiveCfg = Release|Any CPU
		{805C9C08-7F94-4397-A2B4-5F7A8A773E79}.Release|x64.Build.0 = Release|Any CPU
		{805C9C08-7F94-4397-A2B4-5F7A8A773E79}.Release|x86.ActiveCfg = Release|Any CPU
		{805C9C08-7F94-4397-A2B4-5F7A8A773E79}.Release|x86.Build.0 = Release|Any CPU
		{B2DE81F2-17DC-4093-B12F-D0570B3C6C05}.Debug|Any CPU.ActiveCfg = Debug|Any CPU
		{B2DE81F2-17DC-4093-B12F-D0570B3C6C05}.Debug|Any CPU.Build.0 = Debug|Any CPU
		{B2DE81F2-17DC-4093-B12F-D0570B3C6C05}.Debug|x64.ActiveCfg = Debug|Any CPU
		{B2DE81F2-17DC-4093-B12F-D0570B3C6C05}.Debug|x64.Build.0 = Debug|Any CPU
		{B2DE81F2-17DC-4093-B12F-D0570B3C6C05}.Debug|x86.ActiveCfg = Debug|Any CPU
		{B2DE81F2-17DC-4093-B12F-D0570B3C6C05}.Debug|x86.Build.0 = Debug|Any CPU
		{B2DE81F2-17DC-4093-B12F-D0570B3C6C05}.Release|Any CPU.ActiveCfg = Release|Any CPU
		{B2DE81F2-17DC-4093-B12F-D0570B3C6C05}.Release|Any CPU.Build.0 = Release|Any CPU
		{B2DE81F2-17DC-4093-B12F-D0570B3C6C05}.Release|x64.ActiveCfg = Release|Any CPU
		{B2DE81F2-17DC-4093-B12F-D0570B3C6C05}.Release|x64.Build.0 = Release|Any CPU
		{B2DE81F2-17DC-4093-B12F-D0570B3C6C05}.Release|x86.ActiveCfg = Release|Any CPU
		{B2DE81F2-17DC-4093-B12F-D0570B3C6C05}.Release|x86.Build.0 = Release|Any CPU
	EndGlobalSection
EndGlobal
